
Microsoft Visual Studio Solution File, Format Version 12.00
# Visual Studio Version 16
VisualStudioVersion = 16.0.30114.105
MinimumVisualStudioVersion = 10.0.40219.1
Project("{9A19103F-16F7-4668-BE54-9A1E7A4F7556}") = "R5T.Z0005", "R5T.Z0005\R5T.Z0005.csproj", "{61F85039-AA5C-47AA-B1B3-A1ABD2BF9CB0}"
EndProject
Project("{2150E333-8FDC-42A3-9474-1A3956D46DE8}") = "_Dependencies", "_Dependencies", "{DFCBD5EA-44A4-4440-8C63-5ADAAE52484C}"
EndProject
Project("{9A19103F-16F7-4668-BE54-9A1E7A4F7556}") = "R5T.T0131", "..\..\R5T.T0131\source\R5T.T0131\R5T.T0131.csproj", "{9F6861E3-0AD3-49B9-BDB7-104349C778A3}"
EndProject
Project("{9A19103F-16F7-4668-BE54-9A1E7A4F7556}") = "R5T.Y0004", "..\..\R5T.Y0004\source\R5T.Y0004\R5T.Y0004.csproj", "{C006156D-70BD-4817-8A5B-1EFB8458FE90}"
EndProject
Global
	GlobalSection(SolutionConfigurationPlatforms) = preSolution
		Debug|Any CPU = Debug|Any CPU
		Debug|x64 = Debug|x64
		Debug|x86 = Debug|x86
		Release|Any CPU = Release|Any CPU
		Release|x64 = Release|x64
		Release|x86 = Release|x86
	EndGlobalSection
	GlobalSection(ProjectConfigurationPlatforms) = postSolution
		{61F85039-AA5C-47AA-B1B3-A1ABD2BF9CB0}.Debug|Any CPU.ActiveCfg = Debug|Any CPU
		{61F85039-AA5C-47AA-B1B3-A1ABD2BF9CB0}.Debug|Any CPU.Build.0 = Debug|Any CPU
		{61F85039-AA5C-47AA-B1B3-A1ABD2BF9CB0}.Debug|x64.ActiveCfg = Debug|Any CPU
		{61F85039-AA5C-47AA-B1B3-A1ABD2BF9CB0}.Debug|x64.Build.0 = Debug|Any CPU
		{61F85039-AA5C-47AA-B1B3-A1ABD2BF9CB0}.Debug|x86.ActiveCfg = Debug|Any CPU
		{61F85039-AA5C-47AA-B1B3-A1ABD2BF9CB0}.Debug|x86.Build.0 = Debug|Any CPU
		{61F85039-AA5C-47AA-B1B3-A1ABD2BF9CB0}.Release|Any CPU.ActiveCfg = Release|Any CPU
		{61F85039-AA5C-47AA-B1B3-A1ABD2BF9CB0}.Release|Any CPU.Build.0 = Release|Any CPU
		{61F85039-AA5C-47AA-B1B3-A1ABD2BF9CB0}.Release|x64.ActiveCfg = Release|Any CPU
		{61F85039-AA5C-47AA-B1B3-A1ABD2BF9CB0}.Release|x64.Build.0 = Release|Any CPU
		{61F85039-AA5C-47AA-B1B3-A1ABD2BF9CB0}.Release|x86.ActiveCfg = Release|Any CPU
		{61F85039-AA5C-47AA-B1B3-A1ABD2BF9CB0}.Release|x86.Build.0 = Release|Any CPU
		{9F6861E3-0AD3-49B9-BDB7-104349C778A3}.Debug|Any CPU.ActiveCfg = Debug|Any CPU
		{9F6861E3-0AD3-49B9-BDB7-104349C778A3}.Debug|Any CPU.Build.0 = Debug|Any CPU
		{9F6861E3-0AD3-49B9-BDB7-104349C778A3}.Debug|x64.ActiveCfg = Debug|Any CPU
		{9F6861E3-0AD3-49B9-BDB7-104349C778A3}.Debug|x64.Build.0 = Debug|Any CPU
		{9F6861E3-0AD3-49B9-BDB7-104349C778A3}.Debug|x86.ActiveCfg = Debug|Any CPU
		{9F6861E3-0AD3-49B9-BDB7-104349C778A3}.Debug|x86.Build.0 = Debug|Any CPU
		{9F6861E3-0AD3-49B9-BDB7-104349C778A3}.Release|Any CPU.ActiveCfg = Release|Any CPU
		{9F6861E3-0AD3-49B9-BDB7-104349C778A3}.Release|Any CPU.Build.0 = Release|Any CPU
		{9F6861E3-0AD3-49B9-BDB7-104349C778A3}.Release|x64.ActiveCfg = Release|Any CPU
		{9F6861E3-0AD3-49B9-BDB7-104349C778A3}.Release|x64.Build.0 = Release|Any CPU
		{9F6861E3-0AD3-49B9-BDB7-104349C778A3}.Release|x86.ActiveCfg = Release|Any CPU
		{9F6861E3-0AD3-49B9-BDB7-104349C778A3}.Release|x86.Build.0 = Release|Any CPU
		{C006156D-70BD-4817-8A5B-1EFB8458FE90}.Debug|Any CPU.ActiveCfg = Debug|Any CPU
		{C006156D-70BD-4817-8A5B-1EFB8458FE90}.Debug|Any CPU.Build.0 = Debug|Any CPU
		{C006156D-70BD-4817-8A5B-1EFB8458FE90}.Debug|x64.ActiveCfg = Debug|Any CPU
		{C006156D-70BD-4817-8A5B-1EFB8458FE90}.Debug|x64.Build.0 = Debug|Any CPU
		{C006156D-70BD-4817-8A5B-1EFB8458FE90}.Debug|x86.ActiveCfg = Debug|Any CPU
		{C006156D-70BD-4817-8A5B-1EFB8458FE90}.Debug|x86.Build.0 = Debug|Any CPU
		{C006156D-70BD-4817-8A5B-1EFB8458FE90}.Release|Any CPU.ActiveCfg = Release|Any CPU
		{C006156D-70BD-4817-8A5B-1EFB8458FE90}.Release|Any CPU.Build.0 = Release|Any CPU
		{C006156D-70BD-4817-8A5B-1EFB8458FE90}.Release|x64.ActiveCfg = Release|Any CPU
		{C006156D-70BD-4817-8A5B-1EFB8458FE90}.Release|x64.Build.0 = Release|Any CPU
		{C006156D-70BD-4817-8A5B-1EFB8458FE90}.Release|x86.ActiveCfg = Release|Any CPU
		{C006156D-70BD-4817-8A5B-1EFB8458FE90}.Release|x86.Build.0 = Release|Any CPU
	EndGlobalSection
	GlobalSection(SolutionProperties) = preSolution
		HideSolutionNode = FALSE
	EndGlobalSection
	GlobalSection(NestedProjects) = preSolution
		{9F6861E3-0AD3-49B9-BDB7-104349C778A3} = {DFCBD5EA-44A4-4440-8C63-5ADAAE52484C}
		{C006156D-70BD-4817-8A5B-1EFB8458FE90} = {DFCBD5EA-44A4-4440-8C63-5ADAAE52484C}
	EndGlobalSection
	GlobalSection(ExtensibilityGlobals) = postSolution
		SolutionGuid = {6A725473-8686-47CD-A0C1-7657CFD4DE15}
	EndGlobalSection
EndGlobal
